
Microsoft Visual Studio Solution File, Format Version 12.00
# Visual Studio Version 16
VisualStudioVersion = 16.0.30320.27
MinimumVisualStudioVersion = 10.0.40219.1
Project("{9A19103F-16F7-4668-BE54-9A1E7A4F7556}") = "ReaLTaiizor.Defender", "ReaLTaiizor.Defender\ReaLTaiizor.Defender.csproj", "{853D8698-0AC5-4F4A-BC51-2D80BBBF5966}"
EndProject
Global
	GlobalSection(SolutionConfigurationPlatforms) = preSolution
		Debug|Any CPU = Debug|Any CPU
		GitHub|Any CPU = GitHub|Any CPU
		Release|Any CPU = Release|Any CPU
	EndGlobalSection
	GlobalSection(ProjectConfigurationPlatforms) = postSolution
		{853D8698-0AC5-4F4A-BC51-2D80BBBF5966}.Debug|Any CPU.ActiveCfg = Debug|Any CPU
		{853D8698-0AC5-4F4A-BC51-2D80BBBF5966}.Debug|Any CPU.Build.0 = Debug|Any CPU
		{853D8698-0AC5-4F4A-BC51-2D80BBBF5966}.GitHub|Any CPU.ActiveCfg = GitHub|Any CPU
		{853D8698-0AC5-4F4A-BC51-2D80BBBF5966}.GitHub|Any CPU.Build.0 = GitHub|Any CPU
		{853D8698-0AC5-4F4A-BC51-2D80BBBF5966}.Release|Any CPU.ActiveCfg = Release|Any CPU
		{853D8698-0AC5-4F4A-BC51-2D80BBBF5966}.Release|Any CPU.Build.0 = Release|Any CPU
	EndGlobalSection
	GlobalSection(SolutionProperties) = preSolution
		HideSolutionNode = FALSE
	EndGlobalSection
	GlobalSection(ExtensibilityGlobals) = postSolution
		SolutionGuid = {AF3AECE6-FC1E-4A96-923A-D5A8479D1599}
	EndGlobalSection
EndGlobal
