
Microsoft Visual Studio Solution File, Format Version 12.00
# Visual Studio Version 16
VisualStudioVersion = 16.0.31410.223
MinimumVisualStudioVersion = 10.0.40219.1
Project("{FAE04EC0-301F-11D3-BF4B-00C04F79EFBC}") = "form-summon", "form-summon\form-summon.csproj", "{5905748B-7133-4BB1-8A77-AC91C57F65DA}"
EndProject
Global
	GlobalSection(SolutionConfigurationPlatforms) = preSolution
		Debug|Any CPU = Debug|Any CPU
		Release|Any CPU = Release|Any CPU
	EndGlobalSection
	GlobalSection(ProjectConfigurationPlatforms) = postSolution
		{5905748B-7133-4BB1-8A77-AC91C57F65DA}.Debug|Any CPU.ActiveCfg = Debug|Any CPU
		{5905748B-7133-4BB1-8A77-AC91C57F65DA}.Debug|Any CPU.Build.0 = Debug|Any CPU
		{5905748B-7133-4BB1-8A77-AC91C57F65DA}.Release|Any CPU.ActiveCfg = Release|Any CPU
		{5905748B-7133-4BB1-8A77-AC91C57F65DA}.Release|Any CPU.Build.0 = Release|Any CPU
	EndGlobalSection
	GlobalSection(SolutionProperties) = preSolution
		HideSolutionNode = FALSE
	EndGlobalSection
	GlobalSection(ExtensibilityGlobals) = postSolution
		SolutionGuid = {82400D01-3AC6-43A0-A7B5-90BFCD9F4429}
	EndGlobalSection
EndGlobal
