
Microsoft Visual Studio Solution File, Format Version 12.00
# Visual Studio Version 17
VisualStudioVersion = 17.2.32630.192
MinimumVisualStudioVersion = 10.0.40219.1
Project("{2150E333-8FDC-42A3-9474-1A3956D46DE8}") = "Solution Items", "Solution Items", "{AC2E7142-86C9-466A-A805-FF099FAAF1E5}"
	ProjectSection(SolutionItems) = preProject
		.editorconfig = .editorconfig
		global.json = global.json
	EndProjectSection
EndProject
Project("{2150E333-8FDC-42A3-9474-1A3956D46DE8}") = "demo", "demo", "{F2C87832-DD5E-49C3-9EB9-5F6F8421A594}"
EndProject
Project("{2150E333-8FDC-42A3-9474-1A3956D46DE8}") = "ready", "ready", "{E51D7599-8BC7-46D3-8C8A-D840613DE396}"
EndProject
Project("{2150E333-8FDC-42A3-9474-1A3956D46DE8}") = "sample", "sample", "{599D4EA3-70E5-424A-A7B6-90977C7E7C86}"
EndProject
Project("{2150E333-8FDC-42A3-9474-1A3956D46DE8}") = "src", "src", "{BA3915D0-1B63-4776-AF37-793F1563EB66}"
EndProject
Project("{2150E333-8FDC-42A3-9474-1A3956D46DE8}") = "tutorial", "tutorial", "{B2E6C077-1A5B-4A20-915B-8CEB1B9F7404}"
EndProject
Project("{9A19103F-16F7-4668-BE54-9A1E7A4F7556}") = "ReaLTaiizor.UI", "demo\ReaLTaiizor.UI\ReaLTaiizor.UI\ReaLTaiizor.UI.csproj", "{204776DE-AC4D-4B68-B09D-F5155D08B576}"
EndProject
Project("{9A19103F-16F7-4668-BE54-9A1E7A4F7556}") = "ReaLTaiizor.UX", "demo\ReaLTaiizor.UX\ReaLTaiizor.UX\ReaLTaiizor.UX.csproj", "{D2773EFD-47B4-4558-AD65-3DEC718F8EAA}"
EndProject
Project("{9A19103F-16F7-4668-BE54-9A1E7A4F7556}") = "ReaLTaiizor.AppLocker", "ready\ReaLTaiizor.AppLocker\ReaLTaiizor.AppLocker\ReaLTaiizor.AppLocker.csproj", "{96D06CFC-474A-4EDA-9B16-E4C83409AAFD}"
EndProject
Project("{9A19103F-16F7-4668-BE54-9A1E7A4F7556}") = "ReaLTaiizor.Stopwatch", "ready\ReaLTaiizor.Stopwatch\ReaLTaiizor.Stopwatch\ReaLTaiizor.Stopwatch.csproj", "{5580C7EF-A5E3-4339-8FA5-007C4CDAA652}"
EndProject
Project("{9A19103F-16F7-4668-BE54-9A1E7A4F7556}") = "ReaLTaiizor.Translate", "ready\ReaLTaiizor.Translate\ReaLTaiizor.Translate\ReaLTaiizor.Translate.csproj", "{8DF7767C-A6CC-4F7F-9157-D65A10925C7D}"
EndProject
Project("{9A19103F-16F7-4668-BE54-9A1E7A4F7556}") = "ReaLTaiizor.Defender", "sample\ReaLTaiizor.Defender\ReaLTaiizor.Defender\ReaLTaiizor.Defender.csproj", "{2FF48BE4-FBB4-46B3-8914-2A84775F9243}"
EndProject
Project("{9A19103F-16F7-4668-BE54-9A1E7A4F7556}") = "ReaLTaiizor.Instagram", "sample\ReaLTaiizor.Instagram\ReaLTaiizor.Instagram\ReaLTaiizor.Instagram.csproj", "{29D9B030-AFCB-4B61-9F7B-CDAF1D6BDD01}"
EndProject
Project("{9A19103F-16F7-4668-BE54-9A1E7A4F7556}") = "ReaLTaiizor.Kaspersky", "sample\ReaLTaiizor.Kaspersky\ReaLTaiizor.Kaspersky\ReaLTaiizor.Kaspersky.csproj", "{FE77DE28-C3F9-41E7-8B59-780289B1F37B}"
EndProject
Project("{9A19103F-16F7-4668-BE54-9A1E7A4F7556}") = "ReaLTaiizor.Login", "sample\ReaLTaiizor.Login\ReaLTaiizor.Login\ReaLTaiizor.Login.csproj", "{13BD21CC-D123-47A3-A48A-30C67C325623}"
EndProject
Project("{9A19103F-16F7-4668-BE54-9A1E7A4F7556}") = "ReaLTaiizor.Payment", "sample\ReaLTaiizor.Payment\ReaLTaiizor.Payment\ReaLTaiizor.Payment.csproj", "{DB1BCFFD-2458-4AB7-8E5D-9B3D42A2AF10}"
EndProject
Project("{9A19103F-16F7-4668-BE54-9A1E7A4F7556}") = "ReaLTaiizor.Player", "sample\ReaLTaiizor.Player\ReaLTaiizor.Player\ReaLTaiizor.Player.csproj", "{1E780AED-EB00-40DB-B95A-163638117D5B}"
EndProject
Project("{9A19103F-16F7-4668-BE54-9A1E7A4F7556}") = "ReaLTaiizor.Rufus", "sample\ReaLTaiizor.Rufus\ReaLTaiizor.Rufus\ReaLTaiizor.Rufus.csproj", "{59E4C087-DAD3-4A6E-B8A7-E1BCFF9BCE85}"
EndProject
Project("{9A19103F-16F7-4668-BE54-9A1E7A4F7556}") = "ReaLTaiizor.Splash", "sample\ReaLTaiizor.Splash\ReaLTaiizor.Splash\ReaLTaiizor.Splash.csproj", "{FB47980C-CD9F-4A79-A0EA-C19EB7BBCAB8}"
EndProject
Project("{9A19103F-16F7-4668-BE54-9A1E7A4F7556}") = "ReaLTaiizor.Store", "sample\ReaLTaiizor.Store\ReaLTaiizor.Store\ReaLTaiizor.Store.csproj", "{27E3848B-A038-4F87-B5C4-AB4B7E0007A8}"
EndProject
Project("{9A19103F-16F7-4668-BE54-9A1E7A4F7556}") = "ReaLTaiizor.XAMPP", "sample\ReaLTaiizor.XAMPP\ReaLTaiizor.XAMPP\ReaLTaiizor.XAMPP.csproj", "{9DA8F556-F044-4F41-A2A6-5D0456DC4632}"
EndProject
Project("{9A19103F-16F7-4668-BE54-9A1E7A4F7556}") = "ReaLTaiizor", "src\ReaLTaiizor\ReaLTaiizor.csproj", "{BCF16B36-8781-4B53-AA74-162F89BB2603}"
EndProject
Project("{9A19103F-16F7-4668-BE54-9A1E7A4F7556}") = "ReaLTaiizor_CR", "src\ReaLTaiizor_CR\ReaLTaiizor_CR.csproj", "{6F344AB0-D86F-4CB5-ABEC-1FED3694F530}"
EndProject
Project("{2150E333-8FDC-42A3-9474-1A3956D46DE8}") = "CS", "CS", "{AE7BDA13-2C3F-48FC-BA28-89D3589ED163}"
EndProject
Project("{2150E333-8FDC-42A3-9474-1A3956D46DE8}") = "VB", "VB", "{6F956BD9-3EE6-4F92-8826-EB0CD0FC9F88}"
EndProject
Project("{9A19103F-16F7-4668-BE54-9A1E7A4F7556}") = "install-from-nuget", "tutorial\C#\#001 install-from-nuget\install-from-nuget\install-from-nuget.csproj", "{1A923160-15F1-45B8-BA3B-DE2E26FFB2A7}"
EndProject
Project("{9A19103F-16F7-4668-BE54-9A1E7A4F7556}") = "form-summon", "tutorial\C#\#002 form-summon\form-summon\form-summon.csproj", "{2DCE2E98-5F27-4B29-9AA4-62702329D5FA}"
EndProject
Project("{778DAE3C-4631-46EA-AA77-85C1314464D9}") = "install-from-nuget", "tutorial\VB\#001 install-from-nuget\install-from-nuget\install-from-nuget.vbproj", "{574A5F10-F8F2-45A1-AD0F-0D4BB8BA9B73}"
EndProject
Project("{778DAE3C-4631-46EA-AA77-85C1314464D9}") = "form-summon", "tutorial\VB\#002 form-summon\form-summon\form-summon.vbproj", "{1E8A6F2F-83C5-4FC6-9EDD-F9103022CED9}"
EndProject
Project("{9A19103F-16F7-4668-BE54-9A1E7A4F7556}") = "ReaLTaiizor.Hashing", "ready\ReaLTaiizor.Hashing\ReaLTaiizor.Hashing\ReaLTaiizor.Hashing.csproj", "{E0AE3740-F80F-44F0-968B-66B11C60B2CD}"
EndProject
Project("{9A19103F-16F7-4668-BE54-9A1E7A4F7556}") = "ReaLTaiizor.GenshinImpact", "sample\ReaLTaiizor.GenshinImpact\ReaLTaiizor.GenshinImpact\ReaLTaiizor.GenshinImpact.csproj", "{F64C39EC-36BB-4042-B5A0-E0E2156CD34E}"
EndProject
Project("{9A19103F-16F7-4668-BE54-9A1E7A4F7556}") = "ReaLTaiizor.MAChanger", "ready\ReaLTaiizor.MAChanger\ReaLTaiizor.MAChanger\ReaLTaiizor.MAChanger.csproj", "{79237762-DF74-4B27-BCA1-6BE6B8ADF2AC}"
EndProject
Project("{9A19103F-16F7-4668-BE54-9A1E7A4F7556}") = "ReaLTaiizor.Portscan", "ready\ReaLTaiizor.Portscan\ReaLTaiizor.Portscan\ReaLTaiizor.Portscan.csproj", "{F174B213-76DD-4083-B7A4-B9276187162B}"
EndProject
Project("{9A19103F-16F7-4668-BE54-9A1E7A4F7556}") = "ReaLTaiizor.Nerator", "ready\ReaLTaiizor.Nerator\ReaLTaiizor.Nerator\ReaLTaiizor.Nerator.csproj", "{02AA4C57-2532-4BD9-BA38-B4E458C0788E}"
EndProject
Global
	GlobalSection(SolutionConfigurationPlatforms) = preSolution
		Debug|Any CPU = Debug|Any CPU
		GitHub|Any CPU = GitHub|Any CPU
		Release|Any CPU = Release|Any CPU
	EndGlobalSection
	GlobalSection(ProjectConfigurationPlatforms) = postSolution
		{204776DE-AC4D-4B68-B09D-F5155D08B576}.Debug|Any CPU.ActiveCfg = Debug|Any CPU
		{204776DE-AC4D-4B68-B09D-F5155D08B576}.Debug|Any CPU.Build.0 = Debug|Any CPU
		{204776DE-AC4D-4B68-B09D-F5155D08B576}.GitHub|Any CPU.ActiveCfg = Debug|Any CPU
		{204776DE-AC4D-4B68-B09D-F5155D08B576}.GitHub|Any CPU.Build.0 = Debug|Any CPU
		{204776DE-AC4D-4B68-B09D-F5155D08B576}.Release|Any CPU.ActiveCfg = Release|Any CPU
		{204776DE-AC4D-4B68-B09D-F5155D08B576}.Release|Any CPU.Build.0 = Release|Any CPU
		{D2773EFD-47B4-4558-AD65-3DEC718F8EAA}.Debug|Any CPU.ActiveCfg = Debug|Any CPU
		{D2773EFD-47B4-4558-AD65-3DEC718F8EAA}.Debug|Any CPU.Build.0 = Debug|Any CPU
		{D2773EFD-47B4-4558-AD65-3DEC718F8EAA}.GitHub|Any CPU.ActiveCfg = Debug|Any CPU
		{D2773EFD-47B4-4558-AD65-3DEC718F8EAA}.GitHub|Any CPU.Build.0 = Debug|Any CPU
		{D2773EFD-47B4-4558-AD65-3DEC718F8EAA}.Release|Any CPU.ActiveCfg = Release|Any CPU
		{D2773EFD-47B4-4558-AD65-3DEC718F8EAA}.Release|Any CPU.Build.0 = Release|Any CPU
		{96D06CFC-474A-4EDA-9B16-E4C83409AAFD}.Debug|Any CPU.ActiveCfg = Debug|Any CPU
		{96D06CFC-474A-4EDA-9B16-E4C83409AAFD}.Debug|Any CPU.Build.0 = Debug|Any CPU
		{96D06CFC-474A-4EDA-9B16-E4C83409AAFD}.GitHub|Any CPU.ActiveCfg = Debug|Any CPU
		{96D06CFC-474A-4EDA-9B16-E4C83409AAFD}.GitHub|Any CPU.Build.0 = Debug|Any CPU
		{96D06CFC-474A-4EDA-9B16-E4C83409AAFD}.Release|Any CPU.ActiveCfg = Release|Any CPU
		{96D06CFC-474A-4EDA-9B16-E4C83409AAFD}.Release|Any CPU.Build.0 = Release|Any CPU
		{5580C7EF-A5E3-4339-8FA5-007C4CDAA652}.Debug|Any CPU.ActiveCfg = Debug|Any CPU
		{5580C7EF-A5E3-4339-8FA5-007C4CDAA652}.Debug|Any CPU.Build.0 = Debug|Any CPU
		{5580C7EF-A5E3-4339-8FA5-007C4CDAA652}.GitHub|Any CPU.ActiveCfg = Debug|Any CPU
		{5580C7EF-A5E3-4339-8FA5-007C4CDAA652}.GitHub|Any CPU.Build.0 = Debug|Any CPU
		{5580C7EF-A5E3-4339-8FA5-007C4CDAA652}.Release|Any CPU.ActiveCfg = Release|Any CPU
		{5580C7EF-A5E3-4339-8FA5-007C4CDAA652}.Release|Any CPU.Build.0 = Release|Any CPU
		{8DF7767C-A6CC-4F7F-9157-D65A10925C7D}.Debug|Any CPU.ActiveCfg = Debug|Any CPU
		{8DF7767C-A6CC-4F7F-9157-D65A10925C7D}.Debug|Any CPU.Build.0 = Debug|Any CPU
		{8DF7767C-A6CC-4F7F-9157-D65A10925C7D}.GitHub|Any CPU.ActiveCfg = Debug|Any CPU
		{8DF7767C-A6CC-4F7F-9157-D65A10925C7D}.GitHub|Any CPU.Build.0 = Debug|Any CPU
		{8DF7767C-A6CC-4F7F-9157-D65A10925C7D}.Release|Any CPU.ActiveCfg = Release|Any CPU
		{8DF7767C-A6CC-4F7F-9157-D65A10925C7D}.Release|Any CPU.Build.0 = Release|Any CPU
		{2FF48BE4-FBB4-46B3-8914-2A84775F9243}.Debug|Any CPU.ActiveCfg = Debug|Any CPU
		{2FF48BE4-FBB4-46B3-8914-2A84775F9243}.Debug|Any CPU.Build.0 = Debug|Any CPU
		{2FF48BE4-FBB4-46B3-8914-2A84775F9243}.GitHub|Any CPU.ActiveCfg = Debug|Any CPU
		{2FF48BE4-FBB4-46B3-8914-2A84775F9243}.GitHub|Any CPU.Build.0 = Debug|Any CPU
		{2FF48BE4-FBB4-46B3-8914-2A84775F9243}.Release|Any CPU.ActiveCfg = Release|Any CPU
		{2FF48BE4-FBB4-46B3-8914-2A84775F9243}.Release|Any CPU.Build.0 = Release|Any CPU
		{29D9B030-AFCB-4B61-9F7B-CDAF1D6BDD01}.Debug|Any CPU.ActiveCfg = Debug|Any CPU
		{29D9B030-AFCB-4B61-9F7B-CDAF1D6BDD01}.Debug|Any CPU.Build.0 = Debug|Any CPU
		{29D9B030-AFCB-4B61-9F7B-CDAF1D6BDD01}.GitHub|Any CPU.ActiveCfg = Debug|Any CPU
		{29D9B030-AFCB-4B61-9F7B-CDAF1D6BDD01}.GitHub|Any CPU.Build.0 = Debug|Any CPU
		{29D9B030-AFCB-4B61-9F7B-CDAF1D6BDD01}.Release|Any CPU.ActiveCfg = Release|Any CPU
		{29D9B030-AFCB-4B61-9F7B-CDAF1D6BDD01}.Release|Any CPU.Build.0 = Release|Any CPU
		{FE77DE28-C3F9-41E7-8B59-780289B1F37B}.Debug|Any CPU.ActiveCfg = Debug|Any CPU
		{FE77DE28-C3F9-41E7-8B59-780289B1F37B}.Debug|Any CPU.Build.0 = Debug|Any CPU
		{FE77DE28-C3F9-41E7-8B59-780289B1F37B}.GitHub|Any CPU.ActiveCfg = Debug|Any CPU
		{FE77DE28-C3F9-41E7-8B59-780289B1F37B}.GitHub|Any CPU.Build.0 = Debug|Any CPU
		{FE77DE28-C3F9-41E7-8B59-780289B1F37B}.Release|Any CPU.ActiveCfg = Release|Any CPU
		{FE77DE28-C3F9-41E7-8B59-780289B1F37B}.Release|Any CPU.Build.0 = Release|Any CPU
		{13BD21CC-D123-47A3-A48A-30C67C325623}.Debug|Any CPU.ActiveCfg = Debug|Any CPU
		{13BD21CC-D123-47A3-A48A-30C67C325623}.Debug|Any CPU.Build.0 = Debug|Any CPU
		{13BD21CC-D123-47A3-A48A-30C67C325623}.GitHub|Any CPU.ActiveCfg = Debug|Any CPU
		{13BD21CC-D123-47A3-A48A-30C67C325623}.GitHub|Any CPU.Build.0 = Debug|Any CPU
		{13BD21CC-D123-47A3-A48A-30C67C325623}.Release|Any CPU.ActiveCfg = Release|Any CPU
		{13BD21CC-D123-47A3-A48A-30C67C325623}.Release|Any CPU.Build.0 = Release|Any CPU
		{DB1BCFFD-2458-4AB7-8E5D-9B3D42A2AF10}.Debug|Any CPU.ActiveCfg = Debug|Any CPU
		{DB1BCFFD-2458-4AB7-8E5D-9B3D42A2AF10}.Debug|Any CPU.Build.0 = Debug|Any CPU
		{DB1BCFFD-2458-4AB7-8E5D-9B3D42A2AF10}.GitHub|Any CPU.ActiveCfg = Debug|Any CPU
		{DB1BCFFD-2458-4AB7-8E5D-9B3D42A2AF10}.GitHub|Any CPU.Build.0 = Debug|Any CPU
		{DB1BCFFD-2458-4AB7-8E5D-9B3D42A2AF10}.Release|Any CPU.ActiveCfg = Release|Any CPU
		{DB1BCFFD-2458-4AB7-8E5D-9B3D42A2AF10}.Release|Any CPU.Build.0 = Release|Any CPU
		{1E780AED-EB00-40DB-B95A-163638117D5B}.Debug|Any CPU.ActiveCfg = Debug|Any CPU
		{1E780AED-EB00-40DB-B95A-163638117D5B}.Debug|Any CPU.Build.0 = Debug|Any CPU
		{1E780AED-EB00-40DB-B95A-163638117D5B}.GitHub|Any CPU.ActiveCfg = Debug|Any CPU
		{1E780AED-EB00-40DB-B95A-163638117D5B}.GitHub|Any CPU.Build.0 = Debug|Any CPU
		{1E780AED-EB00-40DB-B95A-163638117D5B}.Release|Any CPU.ActiveCfg = Release|Any CPU
		{1E780AED-EB00-40DB-B95A-163638117D5B}.Release|Any CPU.Build.0 = Release|Any CPU
		{59E4C087-DAD3-4A6E-B8A7-E1BCFF9BCE85}.Debug|Any CPU.ActiveCfg = Debug|Any CPU
		{59E4C087-DAD3-4A6E-B8A7-E1BCFF9BCE85}.Debug|Any CPU.Build.0 = Debug|Any CPU
		{59E4C087-DAD3-4A6E-B8A7-E1BCFF9BCE85}.GitHub|Any CPU.ActiveCfg = Debug|Any CPU
		{59E4C087-DAD3-4A6E-B8A7-E1BCFF9BCE85}.GitHub|Any CPU.Build.0 = Debug|Any CPU
		{59E4C087-DAD3-4A6E-B8A7-E1BCFF9BCE85}.Release|Any CPU.ActiveCfg = Release|Any CPU
		{59E4C087-DAD3-4A6E-B8A7-E1BCFF9BCE85}.Release|Any CPU.Build.0 = Release|Any CPU
		{FB47980C-CD9F-4A79-A0EA-C19EB7BBCAB8}.Debug|Any CPU.ActiveCfg = Debug|Any CPU
		{FB47980C-CD9F-4A79-A0EA-C19EB7BBCAB8}.Debug|Any CPU.Build.0 = Debug|Any CPU
		{FB47980C-CD9F-4A79-A0EA-C19EB7BBCAB8}.GitHub|Any CPU.ActiveCfg = Debug|Any CPU
		{FB47980C-CD9F-4A79-A0EA-C19EB7BBCAB8}.GitHub|Any CPU.Build.0 = Debug|Any CPU
		{FB47980C-CD9F-4A79-A0EA-C19EB7BBCAB8}.Release|Any CPU.ActiveCfg = Release|Any CPU
		{FB47980C-CD9F-4A79-A0EA-C19EB7BBCAB8}.Release|Any CPU.Build.0 = Release|Any CPU
		{27E3848B-A038-4F87-B5C4-AB4B7E0007A8}.Debug|Any CPU.ActiveCfg = Debug|Any CPU
		{27E3848B-A038-4F87-B5C4-AB4B7E0007A8}.Debug|Any CPU.Build.0 = Debug|Any CPU
		{27E3848B-A038-4F87-B5C4-AB4B7E0007A8}.GitHub|Any CPU.ActiveCfg = Debug|Any CPU
		{27E3848B-A038-4F87-B5C4-AB4B7E0007A8}.GitHub|Any CPU.Build.0 = Debug|Any CPU
		{27E3848B-A038-4F87-B5C4-AB4B7E0007A8}.Release|Any CPU.ActiveCfg = Release|Any CPU
		{27E3848B-A038-4F87-B5C4-AB4B7E0007A8}.Release|Any CPU.Build.0 = Release|Any CPU
		{9DA8F556-F044-4F41-A2A6-5D0456DC4632}.Debug|Any CPU.ActiveCfg = Debug|Any CPU
		{9DA8F556-F044-4F41-A2A6-5D0456DC4632}.Debug|Any CPU.Build.0 = Debug|Any CPU
		{9DA8F556-F044-4F41-A2A6-5D0456DC4632}.GitHub|Any CPU.ActiveCfg = Debug|Any CPU
		{9DA8F556-F044-4F41-A2A6-5D0456DC4632}.GitHub|Any CPU.Build.0 = Debug|Any CPU
		{9DA8F556-F044-4F41-A2A6-5D0456DC4632}.Release|Any CPU.ActiveCfg = Release|Any CPU
		{9DA8F556-F044-4F41-A2A6-5D0456DC4632}.Release|Any CPU.Build.0 = Release|Any CPU
		{BCF16B36-8781-4B53-AA74-162F89BB2603}.Debug|Any CPU.ActiveCfg = Debug|Any CPU
		{BCF16B36-8781-4B53-AA74-162F89BB2603}.Debug|Any CPU.Build.0 = Debug|Any CPU
		{BCF16B36-8781-4B53-AA74-162F89BB2603}.GitHub|Any CPU.ActiveCfg = GitHub|Any CPU
		{BCF16B36-8781-4B53-AA74-162F89BB2603}.GitHub|Any CPU.Build.0 = GitHub|Any CPU
		{BCF16B36-8781-4B53-AA74-162F89BB2603}.Release|Any CPU.ActiveCfg = Release|Any CPU
		{BCF16B36-8781-4B53-AA74-162F89BB2603}.Release|Any CPU.Build.0 = Release|Any CPU
		{6F344AB0-D86F-4CB5-ABEC-1FED3694F530}.Debug|Any CPU.ActiveCfg = Debug|Any CPU
		{6F344AB0-D86F-4CB5-ABEC-1FED3694F530}.Debug|Any CPU.Build.0 = Debug|Any CPU
		{6F344AB0-D86F-4CB5-ABEC-1FED3694F530}.GitHub|Any CPU.ActiveCfg = GitHub|Any CPU
		{6F344AB0-D86F-4CB5-ABEC-1FED3694F530}.GitHub|Any CPU.Build.0 = GitHub|Any CPU
		{6F344AB0-D86F-4CB5-ABEC-1FED3694F530}.Release|Any CPU.ActiveCfg = Release|Any CPU
		{6F344AB0-D86F-4CB5-ABEC-1FED3694F530}.Release|Any CPU.Build.0 = Release|Any CPU
		{1A923160-15F1-45B8-BA3B-DE2E26FFB2A7}.Debug|Any CPU.ActiveCfg = Debug|Any CPU
		{1A923160-15F1-45B8-BA3B-DE2E26FFB2A7}.Debug|Any CPU.Build.0 = Debug|Any CPU
		{1A923160-15F1-45B8-BA3B-DE2E26FFB2A7}.GitHub|Any CPU.ActiveCfg = Debug|Any CPU
		{1A923160-15F1-45B8-BA3B-DE2E26FFB2A7}.GitHub|Any CPU.Build.0 = Debug|Any CPU
		{1A923160-15F1-45B8-BA3B-DE2E26FFB2A7}.Release|Any CPU.ActiveCfg = Release|Any CPU
		{1A923160-15F1-45B8-BA3B-DE2E26FFB2A7}.Release|Any CPU.Build.0 = Release|Any CPU
		{2DCE2E98-5F27-4B29-9AA4-62702329D5FA}.Debug|Any CPU.ActiveCfg = Debug|Any CPU
		{2DCE2E98-5F27-4B29-9AA4-62702329D5FA}.Debug|Any CPU.Build.0 = Debug|Any CPU
		{2DCE2E98-5F27-4B29-9AA4-62702329D5FA}.GitHub|Any CPU.ActiveCfg = Debug|Any CPU
		{2DCE2E98-5F27-4B29-9AA4-62702329D5FA}.GitHub|Any CPU.Build.0 = Debug|Any CPU
		{2DCE2E98-5F27-4B29-9AA4-62702329D5FA}.Release|Any CPU.ActiveCfg = Release|Any CPU
		{2DCE2E98-5F27-4B29-9AA4-62702329D5FA}.Release|Any CPU.Build.0 = Release|Any CPU
		{574A5F10-F8F2-45A1-AD0F-0D4BB8BA9B73}.Debug|Any CPU.ActiveCfg = Debug|Any CPU
		{574A5F10-F8F2-45A1-AD0F-0D4BB8BA9B73}.Debug|Any CPU.Build.0 = Debug|Any CPU
		{574A5F10-F8F2-45A1-AD0F-0D4BB8BA9B73}.GitHub|Any CPU.ActiveCfg = Debug|Any CPU
		{574A5F10-F8F2-45A1-AD0F-0D4BB8BA9B73}.GitHub|Any CPU.Build.0 = Debug|Any CPU
		{574A5F10-F8F2-45A1-AD0F-0D4BB8BA9B73}.Release|Any CPU.ActiveCfg = Release|Any CPU
		{574A5F10-F8F2-45A1-AD0F-0D4BB8BA9B73}.Release|Any CPU.Build.0 = Release|Any CPU
		{1E8A6F2F-83C5-4FC6-9EDD-F9103022CED9}.Debug|Any CPU.ActiveCfg = Debug|Any CPU
		{1E8A6F2F-83C5-4FC6-9EDD-F9103022CED9}.Debug|Any CPU.Build.0 = Debug|Any CPU
		{1E8A6F2F-83C5-4FC6-9EDD-F9103022CED9}.GitHub|Any CPU.ActiveCfg = Debug|Any CPU
		{1E8A6F2F-83C5-4FC6-9EDD-F9103022CED9}.GitHub|Any CPU.Build.0 = Debug|Any CPU
		{1E8A6F2F-83C5-4FC6-9EDD-F9103022CED9}.Release|Any CPU.ActiveCfg = Release|Any CPU
		{1E8A6F2F-83C5-4FC6-9EDD-F9103022CED9}.Release|Any CPU.Build.0 = Release|Any CPU
		{E0AE3740-F80F-44F0-968B-66B11C60B2CD}.Debug|Any CPU.ActiveCfg = Debug|Any CPU
		{E0AE3740-F80F-44F0-968B-66B11C60B2CD}.Debug|Any CPU.Build.0 = Debug|Any CPU
		{E0AE3740-F80F-44F0-968B-66B11C60B2CD}.GitHub|Any CPU.ActiveCfg = Debug|Any CPU
		{E0AE3740-F80F-44F0-968B-66B11C60B2CD}.GitHub|Any CPU.Build.0 = Debug|Any CPU
		{E0AE3740-F80F-44F0-968B-66B11C60B2CD}.Release|Any CPU.ActiveCfg = Release|Any CPU
		{E0AE3740-F80F-44F0-968B-66B11C60B2CD}.Release|Any CPU.Build.0 = Release|Any CPU
		{F64C39EC-36BB-4042-B5A0-E0E2156CD34E}.Debug|Any CPU.ActiveCfg = Debug|Any CPU
		{F64C39EC-36BB-4042-B5A0-E0E2156CD34E}.Debug|Any CPU.Build.0 = Debug|Any CPU
		{F64C39EC-36BB-4042-B5A0-E0E2156CD34E}.GitHub|Any CPU.ActiveCfg = Debug|Any CPU
		{F64C39EC-36BB-4042-B5A0-E0E2156CD34E}.GitHub|Any CPU.Build.0 = Debug|Any CPU
		{F64C39EC-36BB-4042-B5A0-E0E2156CD34E}.Release|Any CPU.ActiveCfg = Release|Any CPU
		{F64C39EC-36BB-4042-B5A0-E0E2156CD34E}.Release|Any CPU.Build.0 = Release|Any CPU
		{79237762-DF74-4B27-BCA1-6BE6B8ADF2AC}.Debug|Any CPU.ActiveCfg = Debug|Any CPU
		{79237762-DF74-4B27-BCA1-6BE6B8ADF2AC}.Debug|Any CPU.Build.0 = Debug|Any CPU
		{79237762-DF74-4B27-BCA1-6BE6B8ADF2AC}.GitHub|Any CPU.ActiveCfg = Debug|Any CPU
		{79237762-DF74-4B27-BCA1-6BE6B8ADF2AC}.GitHub|Any CPU.Build.0 = Debug|Any CPU
		{79237762-DF74-4B27-BCA1-6BE6B8ADF2AC}.Release|Any CPU.ActiveCfg = Release|Any CPU
		{79237762-DF74-4B27-BCA1-6BE6B8ADF2AC}.Release|Any CPU.Build.0 = Release|Any CPU
		{F174B213-76DD-4083-B7A4-B9276187162B}.Debug|Any CPU.ActiveCfg = Debug|Any CPU
		{F174B213-76DD-4083-B7A4-B9276187162B}.Debug|Any CPU.Build.0 = Debug|Any CPU
		{F174B213-76DD-4083-B7A4-B9276187162B}.GitHub|Any CPU.ActiveCfg = Debug|Any CPU
		{F174B213-76DD-4083-B7A4-B9276187162B}.GitHub|Any CPU.Build.0 = Debug|Any CPU
		{F174B213-76DD-4083-B7A4-B9276187162B}.Release|Any CPU.ActiveCfg = Release|Any CPU
		{F174B213-76DD-4083-B7A4-B9276187162B}.Release|Any CPU.Build.0 = Release|Any CPU
		{02AA4C57-2532-4BD9-BA38-B4E458C0788E}.Debug|Any CPU.ActiveCfg = Debug|Any CPU
		{02AA4C57-2532-4BD9-BA38-B4E458C0788E}.Debug|Any CPU.Build.0 = Debug|Any CPU
		{02AA4C57-2532-4BD9-BA38-B4E458C0788E}.GitHub|Any CPU.ActiveCfg = GitHub|Any CPU
		{02AA4C57-2532-4BD9-BA38-B4E458C0788E}.GitHub|Any CPU.Build.0 = GitHub|Any CPU
		{02AA4C57-2532-4BD9-BA38-B4E458C0788E}.Release|Any CPU.ActiveCfg = Release|Any CPU
		{02AA4C57-2532-4BD9-BA38-B4E458C0788E}.Release|Any CPU.Build.0 = Release|Any CPU
	EndGlobalSection
	GlobalSection(SolutionProperties) = preSolution
		HideSolutionNode = FALSE
	EndGlobalSection
	GlobalSection(NestedProjects) = preSolution
		{204776DE-AC4D-4B68-B09D-F5155D08B576} = {F2C87832-DD5E-49C3-9EB9-5F6F8421A594}
		{D2773EFD-47B4-4558-AD65-3DEC718F8EAA} = {F2C87832-DD5E-49C3-9EB9-5F6F8421A594}
		{96D06CFC-474A-4EDA-9B16-E4C83409AAFD} = {E51D7599-8BC7-46D3-8C8A-D840613DE396}
		{5580C7EF-A5E3-4339-8FA5-007C4CDAA652} = {E51D7599-8BC7-46D3-8C8A-D840613DE396}
		{8DF7767C-A6CC-4F7F-9157-D65A10925C7D} = {E51D7599-8BC7-46D3-8C8A-D840613DE396}
		{2FF48BE4-FBB4-46B3-8914-2A84775F9243} = {599D4EA3-70E5-424A-A7B6-90977C7E7C86}
		{29D9B030-AFCB-4B61-9F7B-CDAF1D6BDD01} = {599D4EA3-70E5-424A-A7B6-90977C7E7C86}
		{FE77DE28-C3F9-41E7-8B59-780289B1F37B} = {599D4EA3-70E5-424A-A7B6-90977C7E7C86}
		{13BD21CC-D123-47A3-A48A-30C67C325623} = {599D4EA3-70E5-424A-A7B6-90977C7E7C86}
		{DB1BCFFD-2458-4AB7-8E5D-9B3D42A2AF10} = {599D4EA3-70E5-424A-A7B6-90977C7E7C86}
		{1E780AED-EB00-40DB-B95A-163638117D5B} = {599D4EA3-70E5-424A-A7B6-90977C7E7C86}
		{59E4C087-DAD3-4A6E-B8A7-E1BCFF9BCE85} = {599D4EA3-70E5-424A-A7B6-90977C7E7C86}
		{FB47980C-CD9F-4A79-A0EA-C19EB7BBCAB8} = {599D4EA3-70E5-424A-A7B6-90977C7E7C86}
		{27E3848B-A038-4F87-B5C4-AB4B7E0007A8} = {599D4EA3-70E5-424A-A7B6-90977C7E7C86}
		{9DA8F556-F044-4F41-A2A6-5D0456DC4632} = {599D4EA3-70E5-424A-A7B6-90977C7E7C86}
		{BCF16B36-8781-4B53-AA74-162F89BB2603} = {BA3915D0-1B63-4776-AF37-793F1563EB66}
		{6F344AB0-D86F-4CB5-ABEC-1FED3694F530} = {BA3915D0-1B63-4776-AF37-793F1563EB66}
		{AE7BDA13-2C3F-48FC-BA28-89D3589ED163} = {B2E6C077-1A5B-4A20-915B-8CEB1B9F7404}
		{6F956BD9-3EE6-4F92-8826-EB0CD0FC9F88} = {B2E6C077-1A5B-4A20-915B-8CEB1B9F7404}
		{1A923160-15F1-45B8-BA3B-DE2E26FFB2A7} = {AE7BDA13-2C3F-48FC-BA28-89D3589ED163}
		{2DCE2E98-5F27-4B29-9AA4-62702329D5FA} = {AE7BDA13-2C3F-48FC-BA28-89D3589ED163}
		{574A5F10-F8F2-45A1-AD0F-0D4BB8BA9B73} = {6F956BD9-3EE6-4F92-8826-EB0CD0FC9F88}
		{1E8A6F2F-83C5-4FC6-9EDD-F9103022CED9} = {6F956BD9-3EE6-4F92-8826-EB0CD0FC9F88}
		{E0AE3740-F80F-44F0-968B-66B11C60B2CD} = {E51D7599-8BC7-46D3-8C8A-D840613DE396}
		{F64C39EC-36BB-4042-B5A0-E0E2156CD34E} = {599D4EA3-70E5-424A-A7B6-90977C7E7C86}
		{79237762-DF74-4B27-BCA1-6BE6B8ADF2AC} = {E51D7599-8BC7-46D3-8C8A-D840613DE396}
		{F174B213-76DD-4083-B7A4-B9276187162B} = {E51D7599-8BC7-46D3-8C8A-D840613DE396}
		{02AA4C57-2532-4BD9-BA38-B4E458C0788E} = {E51D7599-8BC7-46D3-8C8A-D840613DE396}
	EndGlobalSection
	GlobalSection(ExtensibilityGlobals) = postSolution
		SolutionGuid = {FEB12F1D-8C3B-492E-8590-D56D5B56FC2A}
	EndGlobalSection
EndGlobal
