
Microsoft Visual Studio Solution File, Format Version 12.00
# Visual Studio Version 16
VisualStudioVersion = 16.0.29926.136
MinimumVisualStudioVersion = 10.0.40219.1
Project("{FAE04EC0-301F-11D3-BF4B-00C04F79EFBC}") = "ReaLTaiizor", "ReaLTaiizor\ReaLTaiizor.csproj", "{73276DC6-B307-4C0F-BE72-29D66F58EAC6}"
EndProject
Project("{FAE04EC0-301F-11D3-BF4B-00C04F79EFBC}") = "ReaLTaiizor_UI", "ReaLTaiizor_UI\ReaLTaiizor_UI.csproj", "{F443B3ED-2838-456C-A4B8-2342C95D3B2A}"
EndProject
Project("{FAE04EC0-301F-11D3-BF4B-00C04F79EFBC}") = "ReaLTaiizor_CR", "ReaLTaiizor_CR\ReaLTaiizor_CR.csproj", "{264ABA7C-7A3F-4E8C-8EBB-6C6F1F031128}"
EndProject
Global
	GlobalSection(SolutionConfigurationPlatforms) = preSolution
		Debug|Any CPU = Debug|Any CPU
		Release|Any CPU = Release|Any CPU
	EndGlobalSection
	GlobalSection(ProjectConfigurationPlatforms) = postSolution
		{73276DC6-B307-4C0F-BE72-29D66F58EAC6}.Debug|Any CPU.ActiveCfg = Debug|Any CPU
		{73276DC6-B307-4C0F-BE72-29D66F58EAC6}.Debug|Any CPU.Build.0 = Debug|Any CPU
		{73276DC6-B307-4C0F-BE72-29D66F58EAC6}.Release|Any CPU.ActiveCfg = Release|Any CPU
		{73276DC6-B307-4C0F-BE72-29D66F58EAC6}.Release|Any CPU.Build.0 = Release|Any CPU
		{F443B3ED-2838-456C-A4B8-2342C95D3B2A}.Debug|Any CPU.ActiveCfg = Debug|Any CPU
		{F443B3ED-2838-456C-A4B8-2342C95D3B2A}.Debug|Any CPU.Build.0 = Debug|Any CPU
		{F443B3ED-2838-456C-A4B8-2342C95D3B2A}.Release|Any CPU.ActiveCfg = Release|Any CPU
		{F443B3ED-2838-456C-A4B8-2342C95D3B2A}.Release|Any CPU.Build.0 = Release|Any CPU
		{264ABA7C-7A3F-4E8C-8EBB-6C6F1F031128}.Debug|Any CPU.ActiveCfg = Debug|Any CPU
		{264ABA7C-7A3F-4E8C-8EBB-6C6F1F031128}.Debug|Any CPU.Build.0 = Debug|Any CPU
		{264ABA7C-7A3F-4E8C-8EBB-6C6F1F031128}.Release|Any CPU.ActiveCfg = Release|Any CPU
		{264ABA7C-7A3F-4E8C-8EBB-6C6F1F031128}.Release|Any CPU.Build.0 = Release|Any CPU
	EndGlobalSection
	GlobalSection(SolutionProperties) = preSolution
		HideSolutionNode = FALSE
	EndGlobalSection
	GlobalSection(ExtensibilityGlobals) = postSolution
		SolutionGuid = {DCB9250E-561D-4D44-BE4C-529054CF1273}
	EndGlobalSection
EndGlobal
