
Microsoft Visual Studio Solution File, Format Version 12.00
# Visual Studio Version 16
VisualStudioVersion = 16.0.30114.105
MinimumVisualStudioVersion = 10.0.40219.1
Project("{9A19103F-16F7-4668-BE54-9A1E7A4F7556}") = "ReaLTaiizor", "ReaLTaiizor\ReaLTaiizor.csproj", "{2E57199F-0C03-4D03-9C2B-A4EE805FA173}"
EndProject
Project("{FAE04EC0-301F-11D3-BF4B-00C04F79EFBC}") = "ReaLTaiizor_CR", "ReaLTaiizor_CR\ReaLTaiizor_CR.csproj", "{264ABA7C-7A3F-4E8C-8EBB-6C6F1F031128}"
EndProject
Project("{FAE04EC0-301F-11D3-BF4B-00C04F79EFBC}") = "ReaLTaiizor_UI", "ReaLTaiizor_UI\ReaLTaiizor_UI.csproj", "{F443B3ED-2838-456C-A4B8-2342C95D3B2A}"
EndProject
Project("{2150E333-8FDC-42A3-9474-1A3956D46DE8}") = "Sample", "Sample", "{8814848E-CE17-4701-B16C-059EC27239B5}"
EndProject
Project("{2150E333-8FDC-42A3-9474-1A3956D46DE8}") = "Core", "Core", "{268AD606-BC81-44ED-9F8E-2C94CD7DBF28}"
EndProject
Project("{FAE04EC0-301F-11D3-BF4B-00C04F79EFBC}") = "ReaLTaiizor.Login", "ReaLTaiizor.Login\ReaLTaiizor.Login.csproj", "{2179D123-F94C-45BE-B9CE-8F6FFE7A7264}"
EndProject
Project("{FAE04EC0-301F-11D3-BF4B-00C04F79EFBC}") = "ReaLTaiizor.Defender", "ReaLTaiizor.Defender\ReaLTaiizor.Defender.csproj", "{A918BF99-8F5A-435D-A641-D2D648DB25EF}"
EndProject
Global
	GlobalSection(SolutionConfigurationPlatforms) = preSolution
		Debug|Any CPU = Debug|Any CPU
		Release|Any CPU = Release|Any CPU
	EndGlobalSection
	GlobalSection(ProjectConfigurationPlatforms) = postSolution
		{2E57199F-0C03-4D03-9C2B-A4EE805FA173}.Debug|Any CPU.ActiveCfg = Debug|Any CPU
		{2E57199F-0C03-4D03-9C2B-A4EE805FA173}.Debug|Any CPU.Build.0 = Debug|Any CPU
		{2E57199F-0C03-4D03-9C2B-A4EE805FA173}.Release|Any CPU.ActiveCfg = Release|Any CPU
		{2E57199F-0C03-4D03-9C2B-A4EE805FA173}.Release|Any CPU.Build.0 = Release|Any CPU
		{264ABA7C-7A3F-4E8C-8EBB-6C6F1F031128}.Debug|Any CPU.ActiveCfg = Debug|Any CPU
		{264ABA7C-7A3F-4E8C-8EBB-6C6F1F031128}.Debug|Any CPU.Build.0 = Debug|Any CPU
		{264ABA7C-7A3F-4E8C-8EBB-6C6F1F031128}.Release|Any CPU.ActiveCfg = Release|Any CPU
		{264ABA7C-7A3F-4E8C-8EBB-6C6F1F031128}.Release|Any CPU.Build.0 = Release|Any CPU
		{F443B3ED-2838-456C-A4B8-2342C95D3B2A}.Debug|Any CPU.ActiveCfg = Debug|Any CPU
		{F443B3ED-2838-456C-A4B8-2342C95D3B2A}.Debug|Any CPU.Build.0 = Debug|Any CPU
		{F443B3ED-2838-456C-A4B8-2342C95D3B2A}.Release|Any CPU.ActiveCfg = Release|Any CPU
		{F443B3ED-2838-456C-A4B8-2342C95D3B2A}.Release|Any CPU.Build.0 = Release|Any CPU
		{2179D123-F94C-45BE-B9CE-8F6FFE7A7264}.Debug|Any CPU.ActiveCfg = Debug|Any CPU
		{2179D123-F94C-45BE-B9CE-8F6FFE7A7264}.Debug|Any CPU.Build.0 = Debug|Any CPU
		{2179D123-F94C-45BE-B9CE-8F6FFE7A7264}.Release|Any CPU.ActiveCfg = Release|Any CPU
		{2179D123-F94C-45BE-B9CE-8F6FFE7A7264}.Release|Any CPU.Build.0 = Release|Any CPU
		{A918BF99-8F5A-435D-A641-D2D648DB25EF}.Debug|Any CPU.ActiveCfg = Debug|Any CPU
		{A918BF99-8F5A-435D-A641-D2D648DB25EF}.Debug|Any CPU.Build.0 = Debug|Any CPU
		{A918BF99-8F5A-435D-A641-D2D648DB25EF}.Release|Any CPU.ActiveCfg = Release|Any CPU
		{A918BF99-8F5A-435D-A641-D2D648DB25EF}.Release|Any CPU.Build.0 = Release|Any CPU
	EndGlobalSection
	GlobalSection(SolutionProperties) = preSolution
		HideSolutionNode = FALSE
	EndGlobalSection
	GlobalSection(NestedProjects) = preSolution
		{2E57199F-0C03-4D03-9C2B-A4EE805FA173} = {268AD606-BC81-44ED-9F8E-2C94CD7DBF28}
		{264ABA7C-7A3F-4E8C-8EBB-6C6F1F031128} = {268AD606-BC81-44ED-9F8E-2C94CD7DBF28}
		{F443B3ED-2838-456C-A4B8-2342C95D3B2A} = {268AD606-BC81-44ED-9F8E-2C94CD7DBF28}
		{2179D123-F94C-45BE-B9CE-8F6FFE7A7264} = {8814848E-CE17-4701-B16C-059EC27239B5}
		{A918BF99-8F5A-435D-A641-D2D648DB25EF} = {8814848E-CE17-4701-B16C-059EC27239B5}
	EndGlobalSection
	GlobalSection(ExtensibilityGlobals) = postSolution
		SolutionGuid = {FEB12F1D-8C3B-492E-8590-D56D5B56FC2A}
	EndGlobalSection
EndGlobal
