
Microsoft Visual Studio Solution File, Format Version 12.00
# Visual Studio Version 16
VisualStudioVersion = 16.0.30320.27
MinimumVisualStudioVersion = 10.0.40219.1
Project("{9A19103F-16F7-4668-BE54-9A1E7A4F7556}") = "ReaLTaiizor.Login", "ReaLTaiizor.Login\ReaLTaiizor.Login.csproj", "{74281337-D1AF-4C41-BE51-02EBDBC3B8E5}"
EndProject
Global
	GlobalSection(SolutionConfigurationPlatforms) = preSolution
		Debug|Any CPU = Debug|Any CPU
		GitHub|Any CPU = GitHub|Any CPU
		Release|Any CPU = Release|Any CPU
	EndGlobalSection
	GlobalSection(ProjectConfigurationPlatforms) = postSolution
		{74281337-D1AF-4C41-BE51-02EBDBC3B8E5}.Debug|Any CPU.ActiveCfg = Debug|Any CPU
		{74281337-D1AF-4C41-BE51-02EBDBC3B8E5}.Debug|Any CPU.Build.0 = Debug|Any CPU
		{74281337-D1AF-4C41-BE51-02EBDBC3B8E5}.GitHub|Any CPU.ActiveCfg = GitHub|Any CPU
		{74281337-D1AF-4C41-BE51-02EBDBC3B8E5}.GitHub|Any CPU.Build.0 = GitHub|Any CPU
		{74281337-D1AF-4C41-BE51-02EBDBC3B8E5}.Release|Any CPU.ActiveCfg = Release|Any CPU
		{74281337-D1AF-4C41-BE51-02EBDBC3B8E5}.Release|Any CPU.Build.0 = Release|Any CPU
	EndGlobalSection
	GlobalSection(SolutionProperties) = preSolution
		HideSolutionNode = FALSE
	EndGlobalSection
	GlobalSection(ExtensibilityGlobals) = postSolution
		SolutionGuid = {7A0941DA-2782-46A7-9798-01502870CE3C}
	EndGlobalSection
EndGlobal
