
Microsoft Visual Studio Solution File, Format Version 12.00
# Visual Studio Version 16
VisualStudioVersion = 16.0.31410.223
MinimumVisualStudioVersion = 10.0.40219.1
Project("{F184B08F-C81C-45F6-A57F-5ABD9991F28F}") = "form-summon", "form-summon\form-summon.vbproj", "{D6D0CCA1-528A-43B7-B17A-DADCAD2AB59D}"
EndProject
Global
	GlobalSection(SolutionConfigurationPlatforms) = preSolution
		Debug|Any CPU = Debug|Any CPU
		Release|Any CPU = Release|Any CPU
	EndGlobalSection
	GlobalSection(ProjectConfigurationPlatforms) = postSolution
		{D6D0CCA1-528A-43B7-B17A-DADCAD2AB59D}.Debug|Any CPU.ActiveCfg = Debug|Any CPU
		{D6D0CCA1-528A-43B7-B17A-DADCAD2AB59D}.Debug|Any CPU.Build.0 = Debug|Any CPU
		{D6D0CCA1-528A-43B7-B17A-DADCAD2AB59D}.Release|Any CPU.ActiveCfg = Release|Any CPU
		{D6D0CCA1-528A-43B7-B17A-DADCAD2AB59D}.Release|Any CPU.Build.0 = Release|Any CPU
	EndGlobalSection
	GlobalSection(SolutionProperties) = preSolution
		HideSolutionNode = FALSE
	EndGlobalSection
	GlobalSection(ExtensibilityGlobals) = postSolution
		SolutionGuid = {5B59288F-213A-4751-A0C7-535A164F479E}
	EndGlobalSection
EndGlobal
