
Microsoft Visual Studio Solution File, Format Version 12.00
# Visual Studio Version 16
VisualStudioVersion = 16.0.30803.129
MinimumVisualStudioVersion = 10.0.40219.1
Project("{9A19103F-16F7-4668-BE54-9A1E7A4F7556}") = "ReaLTaiizor.Rufus", "ReaLTaiizor.Rufus\ReaLTaiizor.Rufus.csproj", "{3FB29EBC-AD6E-4EF7-A796-99BEE63A4C3C}"
EndProject
Global
	GlobalSection(SolutionConfigurationPlatforms) = preSolution
		Debug|Any CPU = Debug|Any CPU
		GitHub|Any CPU = GitHub|Any CPU
		Release|Any CPU = Release|Any CPU
	EndGlobalSection
	GlobalSection(ProjectConfigurationPlatforms) = postSolution
		{3FB29EBC-AD6E-4EF7-A796-99BEE63A4C3C}.Debug|Any CPU.ActiveCfg = Debug|Any CPU
		{3FB29EBC-AD6E-4EF7-A796-99BEE63A4C3C}.Debug|Any CPU.Build.0 = Debug|Any CPU
		{3FB29EBC-AD6E-4EF7-A796-99BEE63A4C3C}.GitHub|Any CPU.ActiveCfg = GitHub|Any CPU
		{3FB29EBC-AD6E-4EF7-A796-99BEE63A4C3C}.GitHub|Any CPU.Build.0 = GitHub|Any CPU
		{3FB29EBC-AD6E-4EF7-A796-99BEE63A4C3C}.Release|Any CPU.ActiveCfg = Release|Any CPU
		{3FB29EBC-AD6E-4EF7-A796-99BEE63A4C3C}.Release|Any CPU.Build.0 = Release|Any CPU
	EndGlobalSection
	GlobalSection(SolutionProperties) = preSolution
		HideSolutionNode = FALSE
	EndGlobalSection
	GlobalSection(ExtensibilityGlobals) = postSolution
		SolutionGuid = {493ABB6D-AF6D-4604-8265-D1A285B30F26}
	EndGlobalSection
EndGlobal
